
Microsoft Visual Studio Solution File, Format Version 12.00
# Visual Studio Version 17
VisualStudioVersion = 17.7.34024.191
MinimumVisualStudioVersion = 10.0.40219.1
Project("{FAE04EC0-301F-11D3-BF4B-00C04F79EFBC}") = "WinFormsValidator", "WinFormsValidator\WinFormsValidator.csproj", "{3770C5E0-E497-416C-8D7C-29D052C2BA0F}"
EndProject
Global
	GlobalSection(SolutionConfigurationPlatforms) = preSolution
		Debug|Any CPU = Debug|Any CPU
		Release|Any CPU = Release|Any CPU
	EndGlobalSection
	GlobalSection(ProjectConfigurationPlatforms) = postSolution
		{3770C5E0-E497-416C-8D7C-29D052C2BA0F}.Debug|Any CPU.ActiveCfg = Debug|Any CPU
		{3770C5E0-E497-416C-8D7C-29D052C2BA0F}.Debug|Any CPU.Build.0 = Debug|Any CPU
		{3770C5E0-E497-416C-8D7C-29D052C2BA0F}.Release|Any CPU.ActiveCfg = Release|Any CPU
		{3770C5E0-E497-416C-8D7C-29D052C2BA0F}.Release|Any CPU.Build.0 = Release|Any CPU
	EndGlobalSection
	GlobalSection(SolutionProperties) = preSolution
		HideSolutionNode = FALSE
	EndGlobalSection
	GlobalSection(ExtensibilityGlobals) = postSolution
		SolutionGuid = {9766799E-2DFC-41F3-9699-6AFCF047349D}
	EndGlobalSection
EndGlobal
